
Microsoft Visual Studio Solution File, Format Version 12.00
# Visual Studio Version 16
VisualStudioVersion = 16.0.28822.285
MinimumVisualStudioVersion = 10.0.40219.1
Project("{FAE04EC0-301F-11D3-BF4B-00C04F79EFBC}") = "TranslatorLab9", "TranslatorLab9\TranslatorLab9.csproj", "{600FC7DB-E9BC-4700-A4DF-49440BC08DF3}"
EndProject
Global
	GlobalSection(SolutionConfigurationPlatforms) = preSolution
		Debug|Any CPU = Debug|Any CPU
		Release|Any CPU = Release|Any CPU
	EndGlobalSection
	GlobalSection(ProjectConfigurationPlatforms) = postSolution
		{600FC7DB-E9BC-4700-A4DF-49440BC08DF3}.Debug|Any CPU.ActiveCfg = Debug|Any CPU
		{600FC7DB-E9BC-4700-A4DF-49440BC08DF3}.Debug|Any CPU.Build.0 = Debug|Any CPU
		{600FC7DB-E9BC-4700-A4DF-49440BC08DF3}.Release|Any CPU.ActiveCfg = Release|Any CPU
		{600FC7DB-E9BC-4700-A4DF-49440BC08DF3}.Release|Any CPU.Build.0 = Release|Any CPU
	EndGlobalSection
	GlobalSection(SolutionProperties) = preSolution
		HideSolutionNode = FALSE
	EndGlobalSection
	GlobalSection(ExtensibilityGlobals) = postSolution
		SolutionGuid = {94BFDDB0-DFC3-4946-97F6-F434133CC279}
	EndGlobalSection
EndGlobal
