
Microsoft Visual Studio Solution File, Format Version 12.00
# Visual Studio Version 16
VisualStudioVersion = 16.0.28527.54
MinimumVisualStudioVersion = 10.0.40219.1
Project("{FAE04EC0-301F-11D3-BF4B-00C04F79EFBC}") = "ArchitectureLab1", "ArchitectureLab1\ArchitectureLab1.csproj", "{9DE2DE04-BCB5-49A4-8E93-939E85100980}"
EndProject
Project("{FAE04EC0-301F-11D3-BF4B-00C04F79EFBC}") = "ArchitectureLab1Tests", "ArchitectureLab1Tests\ArchitectureLab1Tests.csproj", "{766907C0-5B87-4407-8A1B-618F711AD7D2}"
EndProject
Project("{FAE04EC0-301F-11D3-BF4B-00C04F79EFBC}") = "ArchitectureLab1MockTests", "ArchitectureLab1MockTests\ArchitectureLab1MockTests.csproj", "{CFC2F1F6-2652-4752-9D7A-F94343469F27}"
EndProject
Global
	GlobalSection(SolutionConfigurationPlatforms) = preSolution
		Debug|Any CPU = Debug|Any CPU
		Release|Any CPU = Release|Any CPU
	EndGlobalSection
	GlobalSection(ProjectConfigurationPlatforms) = postSolution
		{9DE2DE04-BCB5-49A4-8E93-939E85100980}.Debug|Any CPU.ActiveCfg = Debug|Any CPU
		{9DE2DE04-BCB5-49A4-8E93-939E85100980}.Debug|Any CPU.Build.0 = Debug|Any CPU
		{9DE2DE04-BCB5-49A4-8E93-939E85100980}.Release|Any CPU.ActiveCfg = Release|Any CPU
		{9DE2DE04-BCB5-49A4-8E93-939E85100980}.Release|Any CPU.Build.0 = Release|Any CPU
		{766907C0-5B87-4407-8A1B-618F711AD7D2}.Debug|Any CPU.ActiveCfg = Debug|Any CPU
		{766907C0-5B87-4407-8A1B-618F711AD7D2}.Debug|Any CPU.Build.0 = Debug|Any CPU
		{766907C0-5B87-4407-8A1B-618F711AD7D2}.Release|Any CPU.ActiveCfg = Release|Any CPU
		{766907C0-5B87-4407-8A1B-618F711AD7D2}.Release|Any CPU.Build.0 = Release|Any CPU
		{CFC2F1F6-2652-4752-9D7A-F94343469F27}.Debug|Any CPU.ActiveCfg = Debug|Any CPU
		{CFC2F1F6-2652-4752-9D7A-F94343469F27}.Debug|Any CPU.Build.0 = Debug|Any CPU
		{CFC2F1F6-2652-4752-9D7A-F94343469F27}.Release|Any CPU.ActiveCfg = Release|Any CPU
		{CFC2F1F6-2652-4752-9D7A-F94343469F27}.Release|Any CPU.Build.0 = Release|Any CPU
	EndGlobalSection
	GlobalSection(SolutionProperties) = preSolution
		HideSolutionNode = FALSE
	EndGlobalSection
	GlobalSection(ExtensibilityGlobals) = postSolution
		SolutionGuid = {2D02852E-B0AE-4906-84FF-EB60866DF6F7}
	EndGlobalSection
EndGlobal
