
Microsoft Visual Studio Solution File, Format Version 12.00
# Visual Studio 2012
Project("{8BC9CEB8-8B4A-11D0-8D11-00A0C91BC942}") = "Курсач", "Курсач\Курсач.vcxproj", "{9923F7E2-B9AB-4AC4-B8C5-DB39AEF5D03E}"
EndProject
Global
	GlobalSection(SolutionConfigurationPlatforms) = preSolution
		Debug|Win32 = Debug|Win32
		Release|Win32 = Release|Win32
	EndGlobalSection
	GlobalSection(ProjectConfigurationPlatforms) = postSolution
		{9923F7E2-B9AB-4AC4-B8C5-DB39AEF5D03E}.Debug|Win32.ActiveCfg = Debug|Win32
		{9923F7E2-B9AB-4AC4-B8C5-DB39AEF5D03E}.Debug|Win32.Build.0 = Debug|Win32
		{9923F7E2-B9AB-4AC4-B8C5-DB39AEF5D03E}.Release|Win32.ActiveCfg = Release|Win32
		{9923F7E2-B9AB-4AC4-B8C5-DB39AEF5D03E}.Release|Win32.Build.0 = Release|Win32
	EndGlobalSection
	GlobalSection(SolutionProperties) = preSolution
		HideSolutionNode = FALSE
	EndGlobalSection
EndGlobal
