
Microsoft Visual Studio Solution File, Format Version 12.00
# Visual Studio 2012
Project("{8BC9CEB8-8B4A-11D0-8D11-00A0C91BC942}") = "Calculator(Олексій Гарник)", "Calculator(Олексій Гарник)\Calculator(Олексій Гарник).vcxproj", "{9066B37E-3ED3-4385-8FAB-44401D636299}"
EndProject
Global
	GlobalSection(SolutionConfigurationPlatforms) = preSolution
		Debug|Win32 = Debug|Win32
		Release|Win32 = Release|Win32
	EndGlobalSection
	GlobalSection(ProjectConfigurationPlatforms) = postSolution
		{9066B37E-3ED3-4385-8FAB-44401D636299}.Debug|Win32.ActiveCfg = Debug|Win32
		{9066B37E-3ED3-4385-8FAB-44401D636299}.Debug|Win32.Build.0 = Debug|Win32
		{9066B37E-3ED3-4385-8FAB-44401D636299}.Release|Win32.ActiveCfg = Release|Win32
		{9066B37E-3ED3-4385-8FAB-44401D636299}.Release|Win32.Build.0 = Release|Win32
	EndGlobalSection
	GlobalSection(SolutionProperties) = preSolution
		HideSolutionNode = FALSE
	EndGlobalSection
EndGlobal
